
Microsoft Visual Studio Solution File, Format Version 12.00
# Visual Studio Version 17
VisualStudioVersion = 17.7.34221.43
MinimumVisualStudioVersion = 10.0.40219.1
Project("{9A19103F-16F7-4668-BE54-9A1E7A4F7556}") = "SimpleCalculator", "SimpleCalculator\SimpleCalculator.csproj", "{148E96F9-3AF3-496D-AF13-A5FFFA06C892}"
EndProject
Project("{9A19103F-16F7-4668-BE54-9A1E7A4F7556}") = "SimpleCalculator.Tests", "SimpleCalculator.Tests\SimpleCalculator.Tests.csproj", "{83555A92-223D-4790-A3F3-F517569CF73B}"
EndProject
Project("{9A19103F-16F7-4668-BE54-9A1E7A4F7556}") = "CalculatorTests_xUnit", "CalculatorTests_xUnit\CalculatorTests_xUnit.csproj", "{DBB398A7-767F-4DBB-A91A-D9CB612AE33F}"
EndProject
Project("{FAE04EC0-301F-11D3-BF4B-00C04F79EFBC}") = "CalculatorTests_MSTest", "CalculatorTests_MSTest\CalculatorTests_MSTest.csproj", "{C4CD954C-BEEA-47A1-A5EB-6E7AFB11EF5B}"
EndProject
Global
	GlobalSection(SolutionConfigurationPlatforms) = preSolution
		Debug|Any CPU = Debug|Any CPU
		Release|Any CPU = Release|Any CPU
	EndGlobalSection
	GlobalSection(ProjectConfigurationPlatforms) = postSolution
		{148E96F9-3AF3-496D-AF13-A5FFFA06C892}.Debug|Any CPU.ActiveCfg = Debug|Any CPU
		{148E96F9-3AF3-496D-AF13-A5FFFA06C892}.Debug|Any CPU.Build.0 = Debug|Any CPU
		{148E96F9-3AF3-496D-AF13-A5FFFA06C892}.Release|Any CPU.ActiveCfg = Release|Any CPU
		{148E96F9-3AF3-496D-AF13-A5FFFA06C892}.Release|Any CPU.Build.0 = Release|Any CPU
		{83555A92-223D-4790-A3F3-F517569CF73B}.Debug|Any CPU.ActiveCfg = Debug|Any CPU
		{83555A92-223D-4790-A3F3-F517569CF73B}.Debug|Any CPU.Build.0 = Debug|Any CPU
		{83555A92-223D-4790-A3F3-F517569CF73B}.Release|Any CPU.ActiveCfg = Release|Any CPU
		{83555A92-223D-4790-A3F3-F517569CF73B}.Release|Any CPU.Build.0 = Release|Any CPU
		{DBB398A7-767F-4DBB-A91A-D9CB612AE33F}.Debug|Any CPU.ActiveCfg = Debug|Any CPU
		{DBB398A7-767F-4DBB-A91A-D9CB612AE33F}.Debug|Any CPU.Build.0 = Debug|Any CPU
		{DBB398A7-767F-4DBB-A91A-D9CB612AE33F}.Release|Any CPU.ActiveCfg = Release|Any CPU
		{DBB398A7-767F-4DBB-A91A-D9CB612AE33F}.Release|Any CPU.Build.0 = Release|Any CPU
		{C4CD954C-BEEA-47A1-A5EB-6E7AFB11EF5B}.Debug|Any CPU.ActiveCfg = Debug|Any CPU
		{C4CD954C-BEEA-47A1-A5EB-6E7AFB11EF5B}.Debug|Any CPU.Build.0 = Debug|Any CPU
		{C4CD954C-BEEA-47A1-A5EB-6E7AFB11EF5B}.Release|Any CPU.ActiveCfg = Release|Any CPU
		{C4CD954C-BEEA-47A1-A5EB-6E7AFB11EF5B}.Release|Any CPU.Build.0 = Release|Any CPU
	EndGlobalSection
	GlobalSection(SolutionProperties) = preSolution
		HideSolutionNode = FALSE
	EndGlobalSection
	GlobalSection(ExtensibilityGlobals) = postSolution
		SolutionGuid = {C72A92A1-0180-4935-B8D9-CC3B1B6F1DAB}
	EndGlobalSection
EndGlobal
